// !$*UTF8*$!
{
	archiveVersion = 1;
	classes = {
	};
	objectVersion = 55;
	objects = {

/* Begin PBXBuildFile section */
		9B0A08D32741516F0051B02E /* 4Day.plist in Resources */ = {isa = PBXBuildFile; fileRef = 9B0A08D02741516F0051B02E /* 4Day.plist */; };
		9B0A08D42741516F0051B02E /* 3Day.plist in Resources */ = {isa = PBXBuildFile; fileRef = 9B0A08D12741516F0051B02E /* 3Day.plist */; };
		9B0A08D52741516F0051B02E /* 5Day.plist in Resources */ = {isa = PBXBuildFile; fileRef = 9B0A08D22741516F0051B02E /* 5Day.plist */; };
		9B0C63FF2754E0CC00257DF1 /* ComparisonView.swift in Sources */ = {isa = PBXBuildFile; fileRef = 9B0C63FE2754E0CC00257DF1 /* ComparisonView.swift */; };
		9B0C640127561BA600257DF1 /* LineChartViewModel.swift in Sources */ = {isa = PBXBuildFile; fileRef = 9B0C640027561BA600257DF1 /* LineChartViewModel.swift */; };
		9B0C640327561F9500257DF1 /* LineChartView.swift in Sources */ = {isa = PBXBuildFile; fileRef = 9B0C640227561F9500257DF1 /* LineChartView.swift */; };
		9B0C64062756750A00257DF1 /* SettingsView.swift in Sources */ = {isa = PBXBuildFile; fileRef = 9B0C64052756750A00257DF1 /* SettingsView.swift */; };
		9B0C64082757B4A700257DF1 /* SettingsExtension.swift in Sources */ = {isa = PBXBuildFile; fileRef = 9B0C64072757B4A700257DF1 /* SettingsExtension.swift */; };
		9B0C640A2757D14400257DF1 /* GoogleService-Info.plist in Resources */ = {isa = PBXBuildFile; fileRef = 9B0C64092757D14400257DF1 /* GoogleService-Info.plist */; };
		9B0C640D2757D2FC00257DF1 /* FirebaseAnalytics in Frameworks */ = {isa = PBXBuildFile; productRef = 9B0C640C2757D2FC00257DF1 /* FirebaseAnalytics */; };
		9B0C640F2757D2FC00257DF1 /* FirebaseAuth in Frameworks */ = {isa = PBXBuildFile; productRef = 9B0C640E2757D2FC00257DF1 /* FirebaseAuth */; };
		9B0C64112757D2FC00257DF1 /* FirebaseCrashlytics in Frameworks */ = {isa = PBXBuildFile; productRef = 9B0C64102757D2FC00257DF1 /* FirebaseCrashlytics */; };
		9B0C64132757D2FC00257DF1 /* FirebaseDatabase in Frameworks */ = {isa = PBXBuildFile; productRef = 9B0C64122757D2FC00257DF1 /* FirebaseDatabase */; };
		9B0C64162757DCE000257DF1 /* LoginView.swift in Sources */ = {isa = PBXBuildFile; fileRef = 9B0C64152757DCE000257DF1 /* LoginView.swift */; };
		9B0C64182758C7A200257DF1 /* LoginViewModel.swift in Sources */ = {isa = PBXBuildFile; fileRef = 9B0C64172758C7A200257DF1 /* LoginViewModel.swift */; };
		9B0C641C275A681500257DF1 /* PersonaliseView.swift in Sources */ = {isa = PBXBuildFile; fileRef = 9B0C641B275A681500257DF1 /* PersonaliseView.swift */; };
		9B14827A275BBC5500F9CF6C /* HalfSheetHelper.swift in Sources */ = {isa = PBXBuildFile; fileRef = 9B148279275BBC5500F9CF6C /* HalfSheetHelper.swift */; };
		9B14827C275BBCA900F9CF6C /* CustomHostingController.swift in Sources */ = {isa = PBXBuildFile; fileRef = 9B14827B275BBCA900F9CF6C /* CustomHostingController.swift */; };
		9B14827F275BC14800F9CF6C /* HalfModalView.swift in Sources */ = {isa = PBXBuildFile; fileRef = 9B14827E275BC14800F9CF6C /* HalfModalView.swift */; };
		9B148283275BD2B900F9CF6C /* SettingsViewModel.swift in Sources */ = {isa = PBXBuildFile; fileRef = 9B148282275BD2B900F9CF6C /* SettingsViewModel.swift */; };
		9B286777273FC3BD00E856F0 /* TrainingArrayViewModel.swift in Sources */ = {isa = PBXBuildFile; fileRef = 9B286776273FC3BD00E856F0 /* TrainingArrayViewModel.swift */; };
		9B28677B273FD7F300E856F0 /* TrainingPlan.swift in Sources */ = {isa = PBXBuildFile; fileRef = 9B28677A273FD7F300E856F0 /* TrainingPlan.swift */; };
		9B28677D273FDC7100E856F0 /* MainView.swift in Sources */ = {isa = PBXBuildFile; fileRef = 9B28677C273FDC7100E856F0 /* MainView.swift */; };
		9B28677F273FDCCE00E856F0 /* TrainingScheduleView.swift in Sources */ = {isa = PBXBuildFile; fileRef = 9B28677E273FDCCE00E856F0 /* TrainingScheduleView.swift */; };
		9B3DA3252742B403009AB522 /* ScheduleViewModel.swift in Sources */ = {isa = PBXBuildFile; fileRef = 9B3DA3242742B403009AB522 /* ScheduleViewModel.swift */; };
		9B62FC89275F60FC00C08771 /* Glossary.swift in Sources */ = {isa = PBXBuildFile; fileRef = 9B62FC88275F60FB00C08771 /* Glossary.swift */; };
		9B62FC8B275F63B400C08771 /* GlossaryViewModel.swift in Sources */ = {isa = PBXBuildFile; fileRef = 9B62FC8A275F63B400C08771 /* GlossaryViewModel.swift */; };
		9B62FC8D275F91E500C08771 /* RatingsView.swift in Sources */ = {isa = PBXBuildFile; fileRef = 9B62FC8C275F91E500C08771 /* RatingsView.swift */; };
		9B9C6787275DFF0E00DF9804 /* EmailUpdateView.swift in Sources */ = {isa = PBXBuildFile; fileRef = 9B9C6786275DFF0E00DF9804 /* EmailUpdateView.swift */; };
		9B9C6789275E147800DF9804 /* PasswordChangeView.swift in Sources */ = {isa = PBXBuildFile; fileRef = 9B9C6788275E147800DF9804 /* PasswordChangeView.swift */; };
		9B9C678B275E7C3100DF9804 /* GlossaryView.swift in Sources */ = {isa = PBXBuildFile; fileRef = 9B9C678A275E7C3100DF9804 /* GlossaryView.swift */; };
		9BAAACE327609E5500D0ECA7 /* MailData.swift in Sources */ = {isa = PBXBuildFile; fileRef = 9BAAACE227609E5500D0ECA7 /* MailData.swift */; };
		9BAAACE627609F1200D0ECA7 /* Mail_Wrapper.swift in Sources */ = {isa = PBXBuildFile; fileRef = 9BAAACE527609F1200D0ECA7 /* Mail_Wrapper.swift */; };
		9BAAACE82760A25500D0ECA7 /* MailView.swift in Sources */ = {isa = PBXBuildFile; fileRef = 9BAAACE72760A25500D0ECA7 /* MailView.swift */; };
		9BAAACF52760D85700D0ECA7 /* TriSprint_Tests.swift in Sources */ = {isa = PBXBuildFile; fileRef = 9BAAACF42760D85700D0ECA7 /* TriSprint_Tests.swift */; };
		9BAAACFC2760D95800D0ECA7 /* LoginViewModel_Tests.swift in Sources */ = {isa = PBXBuildFile; fileRef = 9BAAACFB2760D95700D0ECA7 /* LoginViewModel_Tests.swift */; };
		9BAAACFE2760E60900D0ECA7 /* TrainingArrayViewModel_Tests.swift in Sources */ = {isa = PBXBuildFile; fileRef = 9BAAACFD2760E60900D0ECA7 /* TrainingArrayViewModel_Tests.swift */; };
		9BAAAD002762619300D0ECA7 /* ScheduleViewModel_Tests.swift in Sources */ = {isa = PBXBuildFile; fileRef = 9BAAACFF2762619300D0ECA7 /* ScheduleViewModel_Tests.swift */; };
		9BAAAD022763439D00D0ECA7 /* SessionViewModel_Tests.swift in Sources */ = {isa = PBXBuildFile; fileRef = 9BAAAD012763439D00D0ECA7 /* SessionViewModel_Tests.swift */; };
		9BAAAD23276907CB00D0ECA7 /* MapKitView.swift in Sources */ = {isa = PBXBuildFile; fileRef = 9BAAAD22276907CB00D0ECA7 /* MapKitView.swift */; };
		9BC4CC87275D0A62003260AC /* HalfModalAlerts_Settings.swift in Sources */ = {isa = PBXBuildFile; fileRef = 9BC4CC86275D0A62003260AC /* HalfModalAlerts_Settings.swift */; };
		9BC4CC89275D0B4D003260AC /* ActionSheets_Settings.swift in Sources */ = {isa = PBXBuildFile; fileRef = 9BC4CC88275D0B4D003260AC /* ActionSheets_Settings.swift */; };
		9BC943062743B0C400D57EF5 /* NoPlansView.swift in Sources */ = {isa = PBXBuildFile; fileRef = 9BC943052743B0C400D57EF5 /* NoPlansView.swift */; };
		9BE3C0782744169C009E1ED3 /* WeekView.swift in Sources */ = {isa = PBXBuildFile; fileRef = 9BE3C0772744169C009E1ED3 /* WeekView.swift */; };
		9BE3C07A2744ED15009E1ED3 /* DetailContentView.swift in Sources */ = {isa = PBXBuildFile; fileRef = 9BE3C0792744ED15009E1ED3 /* DetailContentView.swift */; };
		9BE3C07E27453132009E1ED3 /* DetailViewButtons.swift in Sources */ = {isa = PBXBuildFile; fileRef = 9BE3C07D27453132009E1ED3 /* DetailViewButtons.swift */; };
		9BE3C0802745378E009E1ED3 /* DetailViewComponents.swift in Sources */ = {isa = PBXBuildFile; fileRef = 9BE3C07F2745378E009E1ED3 /* DetailViewComponents.swift */; };
		9BE3C082274546EA009E1ED3 /* BrickDetailContentView.swift in Sources */ = {isa = PBXBuildFile; fileRef = 9BE3C081274546EA009E1ED3 /* BrickDetailContentView.swift */; };
		9BE3C08527465EEC009E1ED3 /* MapView.swift in Sources */ = {isa = PBXBuildFile; fileRef = 9BE3C08427465EEB009E1ED3 /* MapView.swift */; };
		9BE3C087274695E6009E1ED3 /* MapViewModel.swift in Sources */ = {isa = PBXBuildFile; fileRef = 9BE3C086274695E6009E1ED3 /* MapViewModel.swift */; };
		9BE3C0952746B1DE009E1ED3 /* FormatDisplay.swift in Sources */ = {isa = PBXBuildFile; fileRef = 9BE3C0942746B1DE009E1ED3 /* FormatDisplay.swift */; };
		9BE3C0972746B872009E1ED3 /* UnitConverter.swift in Sources */ = {isa = PBXBuildFile; fileRef = 9BE3C0962746B872009E1ED3 /* UnitConverter.swift */; };
		9BE3C09B2747BDF7009E1ED3 /* LocationManager.swift in Sources */ = {isa = PBXBuildFile; fileRef = 9BE3C09A2747BDF7009E1ED3 /* LocationManager.swift */; };
		9BE3C09D27480F72009E1ED3 /* LoadingView.swift in Sources */ = {isa = PBXBuildFile; fileRef = 9BE3C09C27480F72009E1ED3 /* LoadingView.swift */; };
		9BF12FDD273D725900A94588 /* TriSprintApp.swift in Sources */ = {isa = PBXBuildFile; fileRef = 9BF12FDC273D725900A94588 /* TriSprintApp.swift */; };
		9BF12FDF273D725900A94588 /* ContentView.swift in Sources */ = {isa = PBXBuildFile; fileRef = 9BF12FDE273D725900A94588 /* ContentView.swift */; };
		9BF12FE1273D725A00A94588 /* Assets.xcassets in Resources */ = {isa = PBXBuildFile; fileRef = 9BF12FE0273D725A00A94588 /* Assets.xcassets */; };
		9BF12FE4273D725A00A94588 /* Preview Assets.xcassets in Resources */ = {isa = PBXBuildFile; fileRef = 9BF12FE3273D725A00A94588 /* Preview Assets.xcassets */; };
		9BF12FE6273D725A00A94588 /* Persistence.swift in Sources */ = {isa = PBXBuildFile; fileRef = 9BF12FE5273D725A00A94588 /* Persistence.swift */; };
		9BF12FE9273D725A00A94588 /* TriSprint.xcdatamodeld in Sources */ = {isa = PBXBuildFile; fileRef = 9BF12FE7273D725A00A94588 /* TriSprint.xcdatamodeld */; };
		9BF12FF0273D74C000A94588 /* TrainingDaysView.swift in Sources */ = {isa = PBXBuildFile; fileRef = 9BF12FEF273D74C000A94588 /* TrainingDaysView.swift */; };
		9BF12FF2273D819900A94588 /* Extensions.swift in Sources */ = {isa = PBXBuildFile; fileRef = 9BF12FF1273D819900A94588 /* Extensions.swift */; };
		9BF12FF5273E6D1500A94588 /* SwimBackground.swift in Sources */ = {isa = PBXBuildFile; fileRef = 9BF12FF4273E6D1500A94588 /* SwimBackground.swift */; };
		9BF12FF7273E702400A94588 /* RunBackground.swift in Sources */ = {isa = PBXBuildFile; fileRef = 9BF12FF6273E702400A94588 /* RunBackground.swift */; };
		9BF12FF9273E705000A94588 /* BikeBackground.swift in Sources */ = {isa = PBXBuildFile; fileRef = 9BF12FF8273E705000A94588 /* BikeBackground.swift */; };
		9BF12FFB273E787B00A94588 /* HomeNavView.swift in Sources */ = {isa = PBXBuildFile; fileRef = 9BF12FFA273E787B00A94588 /* HomeNavView.swift */; };
		9BF12FFD273E7A6300A94588 /* FirstTriathlonView.swift in Sources */ = {isa = PBXBuildFile; fileRef = 9BF12FFC273E7A6300A94588 /* FirstTriathlonView.swift */; };
		9BF13000273E7F2200A94588 /* CustomStyling.swift in Sources */ = {isa = PBXBuildFile; fileRef = 9BF12FFF273E7F2200A94588 /* CustomStyling.swift */; };
		9BF13002273EA6C500A94588 /* FitnessLevelView.swift in Sources */ = {isa = PBXBuildFile; fileRef = 9BF13001273EA6C500A94588 /* FitnessLevelView.swift */; };
		9BFC7AFC2748F7BE003C942B /* SessionViewModel.swift in Sources */ = {isa = PBXBuildFile; fileRef = 9BFC7AFB2748F7BE003C942B /* SessionViewModel.swift */; };
		9BFC7AFE274A7225003C942B /* DrillsView.swift in Sources */ = {isa = PBXBuildFile; fileRef = 9BFC7AFD274A7225003C942B /* DrillsView.swift */; };
		9BFC7B03274A9C6F003C942B /* ActivityView.swift in Sources */ = {isa = PBXBuildFile; fileRef = 9BFC7B02274A9C6F003C942B /* ActivityView.swift */; };
		9BFC7B05274A9CB9003C942B /* ActivityViewModel.swift in Sources */ = {isa = PBXBuildFile; fileRef = 9BFC7B04274A9CB9003C942B /* ActivityViewModel.swift */; };
		9BFC7B0F274BDBC6003C942B /* Ride.swift in Sources */ = {isa = PBXBuildFile; fileRef = 9BFC7B0E274BDBC6003C942B /* Ride.swift */; };
		9BFC7B11274CF630003C942B /* Run.swift in Sources */ = {isa = PBXBuildFile; fileRef = 9BFC7B10274CF630003C942B /* Run.swift */; };
		9BFC7B13274CF64B003C942B /* Swim.swift in Sources */ = {isa = PBXBuildFile; fileRef = 9BFC7B12274CF64B003C942B /* Swim.swift */; };
		9BFC7B15274CF7C2003C942B /* RidesView.swift in Sources */ = {isa = PBXBuildFile; fileRef = 9BFC7B14274CF7C2003C942B /* RidesView.swift */; };
		9BFC7B17274CF826003C942B /* RunsView.swift in Sources */ = {isa = PBXBuildFile; fileRef = 9BFC7B16274CF826003C942B /* RunsView.swift */; };
		9BFC7B19274CF876003C942B /* SwimsView.swift in Sources */ = {isa = PBXBuildFile; fileRef = 9BFC7B18274CF876003C942B /* SwimsView.swift */; };
		9BFC7B1C274D1610003C942B /* EnterManualView.swift in Sources */ = {isa = PBXBuildFile; fileRef = 9BFC7B1B274D1610003C942B /* EnterManualView.swift */; };
		9BFC7B1E274D3EAA003C942B /* NumbersValidation.swift in Sources */ = {isa = PBXBuildFile; fileRef = 9BFC7B1D274D3EAA003C942B /* NumbersValidation.swift */; };
		9BFC7B20274D45FF003C942B /* MetricView.swift in Sources */ = {isa = PBXBuildFile; fileRef = 9BFC7B1F274D45FF003C942B /* MetricView.swift */; };
		9BFC7B24274F7F22003C942B /* TriBackground.swift in Sources */ = {isa = PBXBuildFile; fileRef = 9BFC7B23274F7F22003C942B /* TriBackground.swift */; };
		9BFC7B26274F8000003C942B /* NoActivityView.swift in Sources */ = {isa = PBXBuildFile; fileRef = 9BFC7B25274F8000003C942B /* NoActivityView.swift */; };
		9BFC7B29274F820C003C942B /* HomeView.swift in Sources */ = {isa = PBXBuildFile; fileRef = 9BFC7B28274F820C003C942B /* HomeView.swift */; };
		9BFC7B2B274F9A1D003C942B /* HomeViewModel.swift in Sources */ = {isa = PBXBuildFile; fileRef = 9BFC7B2A274F9A1D003C942B /* HomeViewModel.swift */; };
		9BFC7B50274FEC82003C942B /* PieChartModel.swift in Sources */ = {isa = PBXBuildFile; fileRef = 9BFC7B4F274FEC82003C942B /* PieChartModel.swift */; };
		9BFC7B542750CEDF003C942B /* CustomUserDefaults.swift in Sources */ = {isa = PBXBuildFile; fileRef = 9BFC7B532750CEDF003C942B /* CustomUserDefaults.swift */; };
		9BFC7B562750D5D9003C942B /* ProgressBarView.swift in Sources */ = {isa = PBXBuildFile; fileRef = 9BFC7B552750D5D9003C942B /* ProgressBarView.swift */; };
/* End PBXBuildFile section */

/* Begin PBXContainerItemProxy section */
		9BAAACF62760D85700D0ECA7 /* PBXContainerItemProxy */ = {
			isa = PBXContainerItemProxy;
			containerPortal = 9BF12FD1273D725800A94588 /* Project object */;
			proxyType = 1;
			remoteGlobalIDString = 9BF12FD8273D725800A94588;
			remoteInfo = TriSprint;
		};
/* End PBXContainerItemProxy section */

/* Begin PBXFileReference section */
		9B0A08D02741516F0051B02E /* 4Day.plist */ = {isa = PBXFileReference; fileEncoding = 4; lastKnownFileType = text.plist.xml; path = 4Day.plist; sourceTree = "<group>"; };
		9B0A08D12741516F0051B02E /* 3Day.plist */ = {isa = PBXFileReference; fileEncoding = 4; lastKnownFileType = text.plist.xml; path = 3Day.plist; sourceTree = "<group>"; };
		9B0A08D22741516F0051B02E /* 5Day.plist */ = {isa = PBXFileReference; fileEncoding = 4; lastKnownFileType = text.plist.xml; path = 5Day.plist; sourceTree = "<group>"; };
		9B0C63FE2754E0CC00257DF1 /* ComparisonView.swift */ = {isa = PBXFileReference; lastKnownFileType = sourcecode.swift; path = ComparisonView.swift; sourceTree = "<group>"; };
		9B0C640027561BA600257DF1 /* LineChartViewModel.swift */ = {isa = PBXFileReference; lastKnownFileType = sourcecode.swift; path = LineChartViewModel.swift; sourceTree = "<group>"; };
		9B0C640227561F9500257DF1 /* LineChartView.swift */ = {isa = PBXFileReference; lastKnownFileType = sourcecode.swift; path = LineChartView.swift; sourceTree = "<group>"; };
		9B0C64052756750A00257DF1 /* SettingsView.swift */ = {isa = PBXFileReference; lastKnownFileType = sourcecode.swift; path = SettingsView.swift; sourceTree = "<group>"; };
		9B0C64072757B4A700257DF1 /* SettingsExtension.swift */ = {isa = PBXFileReference; lastKnownFileType = sourcecode.swift; path = SettingsExtension.swift; sourceTree = "<group>"; };
		9B0C64092757D14400257DF1 /* GoogleService-Info.plist */ = {isa = PBXFileReference; fileEncoding = 4; lastKnownFileType = text.plist.xml; path = "GoogleService-Info.plist"; sourceTree = "<group>"; };
		9B0C64152757DCE000257DF1 /* LoginView.swift */ = {isa = PBXFileReference; lastKnownFileType = sourcecode.swift; path = LoginView.swift; sourceTree = "<group>"; };
		9B0C64172758C7A200257DF1 /* LoginViewModel.swift */ = {isa = PBXFileReference; lastKnownFileType = sourcecode.swift; path = LoginViewModel.swift; sourceTree = "<group>"; };
		9B0C641B275A681500257DF1 /* PersonaliseView.swift */ = {isa = PBXFileReference; lastKnownFileType = sourcecode.swift; path = PersonaliseView.swift; sourceTree = "<group>"; };
		9B148279275BBC5500F9CF6C /* HalfSheetHelper.swift */ = {isa = PBXFileReference; lastKnownFileType = sourcecode.swift; path = HalfSheetHelper.swift; sourceTree = "<group>"; };
		9B14827B275BBCA900F9CF6C /* CustomHostingController.swift */ = {isa = PBXFileReference; lastKnownFileType = sourcecode.swift; path = CustomHostingController.swift; sourceTree = "<group>"; };
		9B14827E275BC14800F9CF6C /* HalfModalView.swift */ = {isa = PBXFileReference; lastKnownFileType = sourcecode.swift; path = HalfModalView.swift; sourceTree = "<group>"; };
		9B148282275BD2B900F9CF6C /* SettingsViewModel.swift */ = {isa = PBXFileReference; lastKnownFileType = sourcecode.swift; path = SettingsViewModel.swift; sourceTree = "<group>"; };
		9B286776273FC3BD00E856F0 /* TrainingArrayViewModel.swift */ = {isa = PBXFileReference; lastKnownFileType = sourcecode.swift; path = TrainingArrayViewModel.swift; sourceTree = "<group>"; };
		9B28677A273FD7F300E856F0 /* TrainingPlan.swift */ = {isa = PBXFileReference; lastKnownFileType = sourcecode.swift; path = TrainingPlan.swift; sourceTree = "<group>"; };
		9B28677C273FDC7100E856F0 /* MainView.swift */ = {isa = PBXFileReference; lastKnownFileType = sourcecode.swift; path = MainView.swift; sourceTree = "<group>"; };
		9B28677E273FDCCE00E856F0 /* TrainingScheduleView.swift */ = {isa = PBXFileReference; lastKnownFileType = sourcecode.swift; path = TrainingScheduleView.swift; sourceTree = "<group>"; };
		9B3DA3242742B403009AB522 /* ScheduleViewModel.swift */ = {isa = PBXFileReference; lastKnownFileType = sourcecode.swift; path = ScheduleViewModel.swift; sourceTree = "<group>"; };
		9B62FC88275F60FB00C08771 /* Glossary.swift */ = {isa = PBXFileReference; lastKnownFileType = sourcecode.swift; path = Glossary.swift; sourceTree = "<group>"; };
		9B62FC8A275F63B400C08771 /* GlossaryViewModel.swift */ = {isa = PBXFileReference; lastKnownFileType = sourcecode.swift; path = GlossaryViewModel.swift; sourceTree = "<group>"; };
		9B62FC8C275F91E500C08771 /* RatingsView.swift */ = {isa = PBXFileReference; lastKnownFileType = sourcecode.swift; path = RatingsView.swift; sourceTree = "<group>"; };
		9B9C6786275DFF0E00DF9804 /* EmailUpdateView.swift */ = {isa = PBXFileReference; lastKnownFileType = sourcecode.swift; path = EmailUpdateView.swift; sourceTree = "<group>"; };
		9B9C6788275E147800DF9804 /* PasswordChangeView.swift */ = {isa = PBXFileReference; lastKnownFileType = sourcecode.swift; path = PasswordChangeView.swift; sourceTree = "<group>"; };
		9B9C678A275E7C3100DF9804 /* GlossaryView.swift */ = {isa = PBXFileReference; lastKnownFileType = sourcecode.swift; path = GlossaryView.swift; sourceTree = "<group>"; };
		9BAAACE227609E5500D0ECA7 /* MailData.swift */ = {isa = PBXFileReference; lastKnownFileType = sourcecode.swift; path = MailData.swift; sourceTree = "<group>"; };
		9BAAACE527609F1200D0ECA7 /* Mail_Wrapper.swift */ = {isa = PBXFileReference; lastKnownFileType = sourcecode.swift; path = Mail_Wrapper.swift; sourceTree = "<group>"; };
		9BAAACE72760A25500D0ECA7 /* MailView.swift */ = {isa = PBXFileReference; lastKnownFileType = sourcecode.swift; path = MailView.swift; sourceTree = "<group>"; };
		9BAAACF22760D85700D0ECA7 /* TriSprint_Tests.xctest */ = {isa = PBXFileReference; explicitFileType = wrapper.cfbundle; includeInIndex = 0; path = TriSprint_Tests.xctest; sourceTree = BUILT_PRODUCTS_DIR; };
		9BAAACF42760D85700D0ECA7 /* TriSprint_Tests.swift */ = {isa = PBXFileReference; lastKnownFileType = sourcecode.swift; path = TriSprint_Tests.swift; sourceTree = "<group>"; };
		9BAAACFB2760D95700D0ECA7 /* LoginViewModel_Tests.swift */ = {isa = PBXFileReference; lastKnownFileType = sourcecode.swift; path = LoginViewModel_Tests.swift; sourceTree = "<group>"; };
		9BAAACFD2760E60900D0ECA7 /* TrainingArrayViewModel_Tests.swift */ = {isa = PBXFileReference; lastKnownFileType = sourcecode.swift; path = TrainingArrayViewModel_Tests.swift; sourceTree = "<group>"; };
		9BAAACFF2762619300D0ECA7 /* ScheduleViewModel_Tests.swift */ = {isa = PBXFileReference; lastKnownFileType = sourcecode.swift; path = ScheduleViewModel_Tests.swift; sourceTree = "<group>"; };
		9BAAAD012763439D00D0ECA7 /* SessionViewModel_Tests.swift */ = {isa = PBXFileReference; lastKnownFileType = sourcecode.swift; path = SessionViewModel_Tests.swift; sourceTree = "<group>"; };
		9BAAAD212768D98700D0ECA7 /* Info.plist */ = {isa = PBXFileReference; lastKnownFileType = text.plist; path = Info.plist; sourceTree = "<group>"; };
		9BAAAD22276907CB00D0ECA7 /* MapKitView.swift */ = {isa = PBXFileReference; lastKnownFileType = sourcecode.swift; path = MapKitView.swift; sourceTree = "<group>"; };
		9BC4CC86275D0A62003260AC /* HalfModalAlerts_Settings.swift */ = {isa = PBXFileReference; lastKnownFileType = sourcecode.swift; path = HalfModalAlerts_Settings.swift; sourceTree = "<group>"; };
		9BC4CC88275D0B4D003260AC /* ActionSheets_Settings.swift */ = {isa = PBXFileReference; lastKnownFileType = sourcecode.swift; path = ActionSheets_Settings.swift; sourceTree = "<group>"; };
		9BC943052743B0C400D57EF5 /* NoPlansView.swift */ = {isa = PBXFileReference; lastKnownFileType = sourcecode.swift; path = NoPlansView.swift; sourceTree = "<group>"; };
		9BE3C0772744169C009E1ED3 /* WeekView.swift */ = {isa = PBXFileReference; lastKnownFileType = sourcecode.swift; path = WeekView.swift; sourceTree = "<group>"; };
		9BE3C0792744ED15009E1ED3 /* DetailContentView.swift */ = {isa = PBXFileReference; lastKnownFileType = sourcecode.swift; path = DetailContentView.swift; sourceTree = "<group>"; };
		9BE3C07D27453132009E1ED3 /* DetailViewButtons.swift */ = {isa = PBXFileReference; lastKnownFileType = sourcecode.swift; path = DetailViewButtons.swift; sourceTree = "<group>"; };
		9BE3C07F2745378E009E1ED3 /* DetailViewComponents.swift */ = {isa = PBXFileReference; lastKnownFileType = sourcecode.swift; path = DetailViewComponents.swift; sourceTree = "<group>"; };
		9BE3C081274546EA009E1ED3 /* BrickDetailContentView.swift */ = {isa = PBXFileReference; lastKnownFileType = sourcecode.swift; path = BrickDetailContentView.swift; sourceTree = "<group>"; };
		9BE3C08427465EEB009E1ED3 /* MapView.swift */ = {isa = PBXFileReference; lastKnownFileType = sourcecode.swift; path = MapView.swift; sourceTree = "<group>"; };
		9BE3C086274695E6009E1ED3 /* MapViewModel.swift */ = {isa = PBXFileReference; lastKnownFileType = sourcecode.swift; path = MapViewModel.swift; sourceTree = "<group>"; };
		9BE3C0942746B1DE009E1ED3 /* FormatDisplay.swift */ = {isa = PBXFileReference; lastKnownFileType = sourcecode.swift; path = FormatDisplay.swift; sourceTree = "<group>"; };
		9BE3C0962746B872009E1ED3 /* UnitConverter.swift */ = {isa = PBXFileReference; lastKnownFileType = sourcecode.swift; path = UnitConverter.swift; sourceTree = "<group>"; };
		9BE3C09A2747BDF7009E1ED3 /* LocationManager.swift */ = {isa = PBXFileReference; lastKnownFileType = sourcecode.swift; path = LocationManager.swift; sourceTree = "<group>"; };
		9BE3C09C27480F72009E1ED3 /* LoadingView.swift */ = {isa = PBXFileReference; lastKnownFileType = sourcecode.swift; path = LoadingView.swift; sourceTree = "<group>"; };
		9BF12FD9273D725900A94588 /* TriSprint.app */ = {isa = PBXFileReference; explicitFileType = wrapper.application; includeInIndex = 0; path = TriSprint.app; sourceTree = BUILT_PRODUCTS_DIR; };
		9BF12FDC273D725900A94588 /* TriSprintApp.swift */ = {isa = PBXFileReference; lastKnownFileType = sourcecode.swift; path = TriSprintApp.swift; sourceTree = "<group>"; };
		9BF12FDE273D725900A94588 /* ContentView.swift */ = {isa = PBXFileReference; lastKnownFileType = sourcecode.swift; path = ContentView.swift; sourceTree = "<group>"; };
		9BF12FE0273D725A00A94588 /* Assets.xcassets */ = {isa = PBXFileReference; lastKnownFileType = folder.assetcatalog; path = Assets.xcassets; sourceTree = "<group>"; };
		9BF12FE3273D725A00A94588 /* Preview Assets.xcassets */ = {isa = PBXFileReference; lastKnownFileType = folder.assetcatalog; path = "Preview Assets.xcassets"; sourceTree = "<group>"; };
		9BF12FE5273D725A00A94588 /* Persistence.swift */ = {isa = PBXFileReference; lastKnownFileType = sourcecode.swift; path = Persistence.swift; sourceTree = "<group>"; };
		9BF12FE8273D725A00A94588 /* TriSprint.xcdatamodel */ = {isa = PBXFileReference; lastKnownFileType = wrapper.xcdatamodel; path = TriSprint.xcdatamodel; sourceTree = "<group>"; };
		9BF12FEF273D74C000A94588 /* TrainingDaysView.swift */ = {isa = PBXFileReference; lastKnownFileType = sourcecode.swift; path = TrainingDaysView.swift; sourceTree = "<group>"; };
		9BF12FF1273D819900A94588 /* Extensions.swift */ = {isa = PBXFileReference; lastKnownFileType = sourcecode.swift; path = Extensions.swift; sourceTree = "<group>"; };
		9BF12FF4273E6D1500A94588 /* SwimBackground.swift */ = {isa = PBXFileReference; lastKnownFileType = sourcecode.swift; path = SwimBackground.swift; sourceTree = "<group>"; };
		9BF12FF6273E702400A94588 /* RunBackground.swift */ = {isa = PBXFileReference; lastKnownFileType = sourcecode.swift; path = RunBackground.swift; sourceTree = "<group>"; };
		9BF12FF8273E705000A94588 /* BikeBackground.swift */ = {isa = PBXFileReference; lastKnownFileType = sourcecode.swift; path = BikeBackground.swift; sourceTree = "<group>"; };
		9BF12FFA273E787B00A94588 /* HomeNavView.swift */ = {isa = PBXFileReference; lastKnownFileType = sourcecode.swift; path = HomeNavView.swift; sourceTree = "<group>"; };
		9BF12FFC273E7A6300A94588 /* FirstTriathlonView.swift */ = {isa = PBXFileReference; lastKnownFileType = sourcecode.swift; path = FirstTriathlonView.swift; sourceTree = "<group>"; };
		9BF12FFF273E7F2200A94588 /* CustomStyling.swift */ = {isa = PBXFileReference; lastKnownFileType = sourcecode.swift; path = CustomStyling.swift; sourceTree = "<group>"; };
		9BF13001273EA6C500A94588 /* FitnessLevelView.swift */ = {isa = PBXFileReference; lastKnownFileType = sourcecode.swift; path = FitnessLevelView.swift; sourceTree = "<group>"; };
		9BFC7AFB2748F7BE003C942B /* SessionViewModel.swift */ = {isa = PBXFileReference; lastKnownFileType = sourcecode.swift; path = SessionViewModel.swift; sourceTree = "<group>"; };
		9BFC7AFD274A7225003C942B /* DrillsView.swift */ = {isa = PBXFileReference; lastKnownFileType = sourcecode.swift; path = DrillsView.swift; sourceTree = "<group>"; };
		9BFC7B02274A9C6F003C942B /* ActivityView.swift */ = {isa = PBXFileReference; lastKnownFileType = sourcecode.swift; path = ActivityView.swift; sourceTree = "<group>"; };
		9BFC7B04274A9CB9003C942B /* ActivityViewModel.swift */ = {isa = PBXFileReference; lastKnownFileType = sourcecode.swift; path = ActivityViewModel.swift; sourceTree = "<group>"; };
		9BFC7B0E274BDBC6003C942B /* Ride.swift */ = {isa = PBXFileReference; lastKnownFileType = sourcecode.swift; path = Ride.swift; sourceTree = "<group>"; };
		9BFC7B10274CF630003C942B /* Run.swift */ = {isa = PBXFileReference; lastKnownFileType = sourcecode.swift; path = Run.swift; sourceTree = "<group>"; };
		9BFC7B12274CF64B003C942B /* Swim.swift */ = {isa = PBXFileReference; lastKnownFileType = sourcecode.swift; path = Swim.swift; sourceTree = "<group>"; };
		9BFC7B14274CF7C2003C942B /* RidesView.swift */ = {isa = PBXFileReference; lastKnownFileType = sourcecode.swift; path = RidesView.swift; sourceTree = "<group>"; };
		9BFC7B16274CF826003C942B /* RunsView.swift */ = {isa = PBXFileReference; lastKnownFileType = sourcecode.swift; path = RunsView.swift; sourceTree = "<group>"; };
		9BFC7B18274CF876003C942B /* SwimsView.swift */ = {isa = PBXFileReference; lastKnownFileType = sourcecode.swift; path = SwimsView.swift; sourceTree = "<group>"; };
		9BFC7B1B274D1610003C942B /* EnterManualView.swift */ = {isa = PBXFileReference; lastKnownFileType = sourcecode.swift; path = EnterManualView.swift; sourceTree = "<group>"; };
		9BFC7B1D274D3EAA003C942B /* NumbersValidation.swift */ = {isa = PBXFileReference; lastKnownFileType = sourcecode.swift; path = NumbersValidation.swift; sourceTree = "<group>"; };
		9BFC7B1F274D45FF003C942B /* MetricView.swift */ = {isa = PBXFileReference; lastKnownFileType = sourcecode.swift; path = MetricView.swift; sourceTree = "<group>"; };
		9BFC7B23274F7F22003C942B /* TriBackground.swift */ = {isa = PBXFileReference; lastKnownFileType = sourcecode.swift; path = TriBackground.swift; sourceTree = "<group>"; };
		9BFC7B25274F8000003C942B /* NoActivityView.swift */ = {isa = PBXFileReference; lastKnownFileType = sourcecode.swift; path = NoActivityView.swift; sourceTree = "<group>"; };
		9BFC7B28274F820C003C942B /* HomeView.swift */ = {isa = PBXFileReference; lastKnownFileType = sourcecode.swift; path = HomeView.swift; sourceTree = "<group>"; };
		9BFC7B2A274F9A1D003C942B /* HomeViewModel.swift */ = {isa = PBXFileReference; lastKnownFileType = sourcecode.swift; path = HomeViewModel.swift; sourceTree = "<group>"; };
		9BFC7B4F274FEC82003C942B /* PieChartModel.swift */ = {isa = PBXFileReference; lastKnownFileType = sourcecode.swift; path = PieChartModel.swift; sourceTree = "<group>"; };
		9BFC7B532750CEDF003C942B /* CustomUserDefaults.swift */ = {isa = PBXFileReference; lastKnownFileType = sourcecode.swift; path = CustomUserDefaults.swift; sourceTree = "<group>"; };
		9BFC7B552750D5D9003C942B /* ProgressBarView.swift */ = {isa = PBXFileReference; lastKnownFileType = sourcecode.swift; path = ProgressBarView.swift; sourceTree = "<group>"; };
/* End PBXFileReference section */

/* Begin PBXFrameworksBuildPhase section */
		9BAAACEF2760D85700D0ECA7 /* Frameworks */ = {
			isa = PBXFrameworksBuildPhase;
			buildActionMask = 2147483647;
			files = (
			);
			runOnlyForDeploymentPostprocessing = 0;
		};
		9BF12FD6273D725800A94588 /* Frameworks */ = {
			isa = PBXFrameworksBuildPhase;
			buildActionMask = 2147483647;
			files = (
				9B0C64112757D2FC00257DF1 /* FirebaseCrashlytics in Frameworks */,
				9B0C640D2757D2FC00257DF1 /* FirebaseAnalytics in Frameworks */,
				9B0C64132757D2FC00257DF1 /* FirebaseDatabase in Frameworks */,
				9B0C640F2757D2FC00257DF1 /* FirebaseAuth in Frameworks */,
			);
			runOnlyForDeploymentPostprocessing = 0;
		};
/* End PBXFrameworksBuildPhase section */

/* Begin PBXGroup section */
		9B0C6404275674EC00257DF1 /* Settings */ = {
			isa = PBXGroup;
			children = (
				9BC4CC85275D0A37003260AC /* ViewModel */,
				9B0C64052756750A00257DF1 /* SettingsView.swift */,
				9B0C64072757B4A700257DF1 /* SettingsExtension.swift */,
				9BC4CC86275D0A62003260AC /* HalfModalAlerts_Settings.swift */,
				9BC4CC88275D0B4D003260AC /* ActionSheets_Settings.swift */,
				9B9C6786275DFF0E00DF9804 /* EmailUpdateView.swift */,
				9B9C6788275E147800DF9804 /* PasswordChangeView.swift */,
				9B9C678A275E7C3100DF9804 /* GlossaryView.swift */,
			);
			path = Settings;
			sourceTree = "<group>";
		};
		9B0C64142757DCC300257DF1 /* LoginView */ = {
			isa = PBXGroup;
			children = (
				9B0C641D275A715400257DF1 /* LoginViewModel */,
				9B0C64152757DCE000257DF1 /* LoginView.swift */,
			);
			path = LoginView;
			sourceTree = "<group>";
		};
		9B0C641D275A715400257DF1 /* LoginViewModel */ = {
			isa = PBXGroup;
			children = (
				9B0C64172758C7A200257DF1 /* LoginViewModel.swift */,
			);
			path = LoginViewModel;
			sourceTree = "<group>";
		};
		9B14827D275BBCEA00F9CF6C /* HalfSheetModal */ = {
			isa = PBXGroup;
			children = (
				9B148279275BBC5500F9CF6C /* HalfSheetHelper.swift */,
				9B14827B275BBCA900F9CF6C /* CustomHostingController.swift */,
				9B14827E275BC14800F9CF6C /* HalfModalView.swift */,
			);
			path = HalfSheetModal;
			sourceTree = "<group>";
		};
		9B28676E273EB37B00E856F0 /* OnboardingViews */ = {
			isa = PBXGroup;
			children = (
				9B0C641B275A681500257DF1 /* PersonaliseView.swift */,
				9BF12FFC273E7A6300A94588 /* FirstTriathlonView.swift */,
				9BF13001273EA6C500A94588 /* FitnessLevelView.swift */,
				9BFC7B1F274D45FF003C942B /* MetricView.swift */,
				9BF12FEF273D74C000A94588 /* TrainingDaysView.swift */,
			);
			path = OnboardingViews;
			sourceTree = "<group>";
		};
		9B286775273FC3A100E856F0 /* TrainingViewModel */ = {
			isa = PBXGroup;
			children = (
				9B286776273FC3BD00E856F0 /* TrainingArrayViewModel.swift */,
			);
			path = TrainingViewModel;
			sourceTree = "<group>";
		};
		9B286779273FD77100E856F0 /* Model */ = {
			isa = PBXGroup;
			children = (
				9B28677A273FD7F300E856F0 /* TrainingPlan.swift */,
				9BFC7B0E274BDBC6003C942B /* Ride.swift */,
				9BFC7B10274CF630003C942B /* Run.swift */,
				9BFC7B12274CF64B003C942B /* Swim.swift */,
				9B62FC88275F60FB00C08771 /* Glossary.swift */,
				9BAAACE227609E5500D0ECA7 /* MailData.swift */,
			);
			path = Model;
			sourceTree = "<group>";
		};
		9BAAACE427609EB300D0ECA7 /* MailView */ = {
			isa = PBXGroup;
			children = (
				9BAAACE72760A25500D0ECA7 /* MailView.swift */,
				9BAAACE527609F1200D0ECA7 /* Mail_Wrapper.swift */,
			);
			path = MailView;
			sourceTree = "<group>";
		};
		9BAAACE92760A9D300D0ECA7 /* Ratings */ = {
			isa = PBXGroup;
			children = (
				9B62FC8C275F91E500C08771 /* RatingsView.swift */,
			);
			path = Ratings;
			sourceTree = "<group>";
		};
		9BAAACF32760D85700D0ECA7 /* TriSprint_Tests */ = {
			isa = PBXGroup;
			children = (
				9BAAACF42760D85700D0ECA7 /* TriSprint_Tests.swift */,
				9BAAACFD2760E60900D0ECA7 /* TrainingArrayViewModel_Tests.swift */,
				9BAAACFB2760D95700D0ECA7 /* LoginViewModel_Tests.swift */,
				9BAAACFF2762619300D0ECA7 /* ScheduleViewModel_Tests.swift */,
				9BAAAD012763439D00D0ECA7 /* SessionViewModel_Tests.swift */,
			);
			path = TriSprint_Tests;
			sourceTree = "<group>";
		};
		9BC4CC85275D0A37003260AC /* ViewModel */ = {
			isa = PBXGroup;
			children = (
				9B148282275BD2B900F9CF6C /* SettingsViewModel.swift */,
				9B62FC8A275F63B400C08771 /* GlossaryViewModel.swift */,
			);
			path = ViewModel;
			sourceTree = "<group>";
		};
		9BC943072743B21500D57EF5 /* Schedule */ = {
			isa = PBXGroup;
			children = (
				9BFC7AFF274A9A1F003C942B /* ScheduleViewModel */,
				9B28677E273FDCCE00E856F0 /* TrainingScheduleView.swift */,
				9BE3C0772744169C009E1ED3 /* WeekView.swift */,
				9BC943052743B0C400D57EF5 /* NoPlansView.swift */,
				9BE3C0792744ED15009E1ED3 /* DetailContentView.swift */,
				9BE3C07D27453132009E1ED3 /* DetailViewButtons.swift */,
				9BE3C07F2745378E009E1ED3 /* DetailViewComponents.swift */,
				9BE3C081274546EA009E1ED3 /* BrickDetailContentView.swift */,
			);
			path = Schedule;
			sourceTree = "<group>";
		};
		9BE3C08327465ECB009E1ED3 /* MapView */ = {
			isa = PBXGroup;
			children = (
				9BFC7B00274A9A3A003C942B /* MapViewModel */,
				9BE3C08427465EEB009E1ED3 /* MapView.swift */,
				9BE3C09A2747BDF7009E1ED3 /* LocationManager.swift */,
				9BFC7AFD274A7225003C942B /* DrillsView.swift */,
				9BAAAD22276907CB00D0ECA7 /* MapKitView.swift */,
			);
			path = MapView;
			sourceTree = "<group>";
		};
		9BF12FD0273D725800A94588 = {
			isa = PBXGroup;
			children = (
				9BF12FDB273D725900A94588 /* TriSprint */,
				9BAAACF32760D85700D0ECA7 /* TriSprint_Tests */,
				9BF12FDA273D725900A94588 /* Products */,
			);
			sourceTree = "<group>";
		};
		9BF12FDA273D725900A94588 /* Products */ = {
			isa = PBXGroup;
			children = (
				9BF12FD9273D725900A94588 /* TriSprint.app */,
				9BAAACF22760D85700D0ECA7 /* TriSprint_Tests.xctest */,
			);
			name = Products;
			sourceTree = "<group>";
		};
		9BF12FDB273D725900A94588 /* TriSprint */ = {
			isa = PBXGroup;
			children = (
				9BAAAD212768D98700D0ECA7 /* Info.plist */,
				9BF12FDC273D725900A94588 /* TriSprintApp.swift */,
				9B28677C273FDC7100E856F0 /* MainView.swift */,
				9BF12FFA273E787B00A94588 /* HomeNavView.swift */,
				9BF12FF3273E6CF600A94588 /* BackgroundViews */,
				9B0C64142757DCC300257DF1 /* LoginView */,
				9B28676E273EB37B00E856F0 /* OnboardingViews */,
				9B286775273FC3A100E856F0 /* TrainingViewModel */,
				9BFC7B27274F81ED003C942B /* HomeView */,
				9BC943072743B21500D57EF5 /* Schedule */,
				9BFC7B21274EA569003C942B /* SessionViewModel */,
				9BFC7B1A274D15EC003C942B /* ManualAdd */,
				9BE3C08327465ECB009E1ED3 /* MapView */,
				9BAAACE92760A9D300D0ECA7 /* Ratings */,
				9BFC7B01274A9BF0003C942B /* Activity */,
				9B0C6404275674EC00257DF1 /* Settings */,
				9BAAACE427609EB300D0ECA7 /* MailView */,
				9B286779273FD77100E856F0 /* Model */,
				9BF12FFE273E7F0B00A94588 /* Utils */,
				9BF12FE0273D725A00A94588 /* Assets.xcassets */,
				9B0C64092757D14400257DF1 /* GoogleService-Info.plist */,
				9BF12FDE273D725900A94588 /* ContentView.swift */,
				9BF12FE5273D725A00A94588 /* Persistence.swift */,
				9BF12FE7273D725A00A94588 /* TriSprint.xcdatamodeld */,
				9BF12FE2273D725A00A94588 /* Preview Content */,
			);
			path = TriSprint;
			sourceTree = "<group>";
		};
		9BF12FE2273D725A00A94588 /* Preview Content */ = {
			isa = PBXGroup;
			children = (
				9BF12FE3273D725A00A94588 /* Preview Assets.xcassets */,
			);
			path = "Preview Content";
			sourceTree = "<group>";
		};
		9BF12FF3273E6CF600A94588 /* BackgroundViews */ = {
			isa = PBXGroup;
			children = (
				9BF12FF4273E6D1500A94588 /* SwimBackground.swift */,
				9BF12FF6273E702400A94588 /* RunBackground.swift */,
				9BF12FF8273E705000A94588 /* BikeBackground.swift */,
				9BFC7B23274F7F22003C942B /* TriBackground.swift */,
			);
			path = BackgroundViews;
			sourceTree = "<group>";
		};
		9BF12FFE273E7F0B00A94588 /* Utils */ = {
			isa = PBXGroup;
			children = (
				9B0A08D12741516F0051B02E /* 3Day.plist */,
				9B0A08D02741516F0051B02E /* 4Day.plist */,
				9B0A08D22741516F0051B02E /* 5Day.plist */,
				9BE3C09C27480F72009E1ED3 /* LoadingView.swift */,
				9BF12FF1273D819900A94588 /* Extensions.swift */,
				9BF12FFF273E7F2200A94588 /* CustomStyling.swift */,
				9BE3C0942746B1DE009E1ED3 /* FormatDisplay.swift */,
				9BE3C0962746B872009E1ED3 /* UnitConverter.swift */,
				9BFC7B1D274D3EAA003C942B /* NumbersValidation.swift */,
				9BFC7B532750CEDF003C942B /* CustomUserDefaults.swift */,
				9B14827D275BBCEA00F9CF6C /* HalfSheetModal */,
			);
			path = Utils;
			sourceTree = "<group>";
		};
		9BFC7AFF274A9A1F003C942B /* ScheduleViewModel */ = {
			isa = PBXGroup;
			children = (
				9B3DA3242742B403009AB522 /* ScheduleViewModel.swift */,
			);
			path = ScheduleViewModel;
			sourceTree = "<group>";
		};
		9BFC7B00274A9A3A003C942B /* MapViewModel */ = {
			isa = PBXGroup;
			children = (
				9BE3C086274695E6009E1ED3 /* MapViewModel.swift */,
			);
			path = MapViewModel;
			sourceTree = "<group>";
		};
		9BFC7B01274A9BF0003C942B /* Activity */ = {
			isa = PBXGroup;
			children = (
				9BFC7B22274EA5AC003C942B /* ActivityViewModel */,
				9BFC7B02274A9C6F003C942B /* ActivityView.swift */,
				9BFC7B14274CF7C2003C942B /* RidesView.swift */,
				9BFC7B16274CF826003C942B /* RunsView.swift */,
				9BFC7B18274CF876003C942B /* SwimsView.swift */,
				9BFC7B25274F8000003C942B /* NoActivityView.swift */,
			);
			path = Activity;
			sourceTree = "<group>";
		};
		9BFC7B1A274D15EC003C942B /* ManualAdd */ = {
			isa = PBXGroup;
			children = (
				9BFC7B1B274D1610003C942B /* EnterManualView.swift */,
			);
			path = ManualAdd;
			sourceTree = "<group>";
		};
		9BFC7B21274EA569003C942B /* SessionViewModel */ = {
			isa = PBXGroup;
			children = (
				9BFC7AFB2748F7BE003C942B /* SessionViewModel.swift */,
			);
			path = SessionViewModel;
			sourceTree = "<group>";
		};
		9BFC7B22274EA5AC003C942B /* ActivityViewModel */ = {
			isa = PBXGroup;
			children = (
				9BFC7B04274A9CB9003C942B /* ActivityViewModel.swift */,
			);
			path = ActivityViewModel;
			sourceTree = "<group>";
		};
		9BFC7B27274F81ED003C942B /* HomeView */ = {
			isa = PBXGroup;
			children = (
				9BFC7B2C274F9A26003C942B /* ViewModels */,
				9BFC7B28274F820C003C942B /* HomeView.swift */,
				9B0C63FE2754E0CC00257DF1 /* ComparisonView.swift */,
				9B0C640227561F9500257DF1 /* LineChartView.swift */,
			);
			path = HomeView;
			sourceTree = "<group>";
		};
		9BFC7B2C274F9A26003C942B /* ViewModels */ = {
			isa = PBXGroup;
			children = (
				9BFC7B2A274F9A1D003C942B /* HomeViewModel.swift */,
				9B0C640027561BA600257DF1 /* LineChartViewModel.swift */,
				9BFC7B4F274FEC82003C942B /* PieChartModel.swift */,
				9BFC7B552750D5D9003C942B /* ProgressBarView.swift */,
			);
			path = ViewModels;
			sourceTree = "<group>";
		};
/* End PBXGroup section */

/* Begin PBXNativeTarget section */
		9BAAACF12760D85700D0ECA7 /* TriSprint_Tests */ = {
			isa = PBXNativeTarget;
			buildConfigurationList = 9BAAACF82760D85700D0ECA7 /* Build configuration list for PBXNativeTarget "TriSprint_Tests" */;
			buildPhases = (
				9BAAACEE2760D85700D0ECA7 /* Sources */,
				9BAAACEF2760D85700D0ECA7 /* Frameworks */,
				9BAAACF02760D85700D0ECA7 /* Resources */,
			);
			buildRules = (
			);
			dependencies = (
				9BAAACF72760D85700D0ECA7 /* PBXTargetDependency */,
			);
			name = TriSprint_Tests;
			productName = TriSprint_Tests;
			productReference = 9BAAACF22760D85700D0ECA7 /* TriSprint_Tests.xctest */;
			productType = "com.apple.product-type.bundle.unit-test";
		};
		9BF12FD8273D725800A94588 /* TriSprint */ = {
			isa = PBXNativeTarget;
			buildConfigurationList = 9BF12FEC273D725A00A94588 /* Build configuration list for PBXNativeTarget "TriSprint" */;
			buildPhases = (
				9BF12FD5273D725800A94588 /* Sources */,
				9BF12FD6273D725800A94588 /* Frameworks */,
				9BF12FD7273D725800A94588 /* Resources */,
			);
			buildRules = (
			);
			dependencies = (
			);
			name = TriSprint;
			packageProductDependencies = (
				9B0C640C2757D2FC00257DF1 /* FirebaseAnalytics */,
				9B0C640E2757D2FC00257DF1 /* FirebaseAuth */,
				9B0C64102757D2FC00257DF1 /* FirebaseCrashlytics */,
				9B0C64122757D2FC00257DF1 /* FirebaseDatabase */,
			);
			productName = TriSprint;
			productReference = 9BF12FD9273D725900A94588 /* TriSprint.app */;
			productType = "com.apple.product-type.application";
		};
/* End PBXNativeTarget section */

/* Begin PBXProject section */
		9BF12FD1273D725800A94588 /* Project object */ = {
			isa = PBXProject;
			attributes = {
				BuildIndependentTargetsInParallel = 1;
				LastSwiftUpdateCheck = 1310;
				LastUpgradeCheck = 1310;
				TargetAttributes = {
					9BAAACF12760D85700D0ECA7 = {
						CreatedOnToolsVersion = 13.1;
						TestTargetID = 9BF12FD8273D725800A94588;
					};
					9BF12FD8273D725800A94588 = {
						CreatedOnToolsVersion = 13.1;
					};
				};
			};
			buildConfigurationList = 9BF12FD4273D725800A94588 /* Build configuration list for PBXProject "TriSprint" */;
			compatibilityVersion = "Xcode 13.0";
			developmentRegion = en;
			hasScannedForEncodings = 0;
			knownRegions = (
				en,
				Base,
			);
			mainGroup = 9BF12FD0273D725800A94588;
			packageReferences = (
				9B0C640B2757D2FB00257DF1 /* XCRemoteSwiftPackageReference "firebase-ios-sdk" */,
			);
			productRefGroup = 9BF12FDA273D725900A94588 /* Products */;
			projectDirPath = "";
			projectRoot = "";
			targets = (
				9BF12FD8273D725800A94588 /* TriSprint */,
				9BAAACF12760D85700D0ECA7 /* TriSprint_Tests */,
			);
		};
/* End PBXProject section */

/* Begin PBXResourcesBuildPhase section */
		9BAAACF02760D85700D0ECA7 /* Resources */ = {
			isa = PBXResourcesBuildPhase;
			buildActionMask = 2147483647;
			files = (
			);
			runOnlyForDeploymentPostprocessing = 0;
		};
		9BF12FD7273D725800A94588 /* Resources */ = {
			isa = PBXResourcesBuildPhase;
			buildActionMask = 2147483647;
			files = (
				9BF12FE4273D725A00A94588 /* Preview Assets.xcassets in Resources */,
				9B0A08D52741516F0051B02E /* 5Day.plist in Resources */,
				9B0A08D42741516F0051B02E /* 3Day.plist in Resources */,
				9BF12FE1273D725A00A94588 /* Assets.xcassets in Resources */,
				9B0A08D32741516F0051B02E /* 4Day.plist in Resources */,
				9B0C640A2757D14400257DF1 /* GoogleService-Info.plist in Resources */,
			);
			runOnlyForDeploymentPostprocessing = 0;
		};
/* End PBXResourcesBuildPhase section */

/* Begin PBXSourcesBuildPhase section */
		9BAAACEE2760D85700D0ECA7 /* Sources */ = {
			isa = PBXSourcesBuildPhase;
			buildActionMask = 2147483647;
			files = (
				9BAAACFC2760D95800D0ECA7 /* LoginViewModel_Tests.swift in Sources */,
				9BAAACF52760D85700D0ECA7 /* TriSprint_Tests.swift in Sources */,
				9BAAACFE2760E60900D0ECA7 /* TrainingArrayViewModel_Tests.swift in Sources */,
				9BAAAD002762619300D0ECA7 /* ScheduleViewModel_Tests.swift in Sources */,
				9BAAAD022763439D00D0ECA7 /* SessionViewModel_Tests.swift in Sources */,
			);
			runOnlyForDeploymentPostprocessing = 0;
		};
		9BF12FD5273D725800A94588 /* Sources */ = {
			isa = PBXSourcesBuildPhase;
			buildActionMask = 2147483647;
			files = (
				9BFC7B17274CF826003C942B /* RunsView.swift in Sources */,
				9BFC7B24274F7F22003C942B /* TriBackground.swift in Sources */,
				9B9C6787275DFF0E00DF9804 /* EmailUpdateView.swift in Sources */,
				9BFC7B26274F8000003C942B /* NoActivityView.swift in Sources */,
				9BF12FE6273D725A00A94588 /* Persistence.swift in Sources */,
				9BAAACE82760A25500D0ECA7 /* MailView.swift in Sources */,
				9BFC7B11274CF630003C942B /* Run.swift in Sources */,
				9BF12FF2273D819900A94588 /* Extensions.swift in Sources */,
				9BE3C09B2747BDF7009E1ED3 /* LocationManager.swift in Sources */,
				9BAAACE627609F1200D0ECA7 /* Mail_Wrapper.swift in Sources */,
				9BAAAD23276907CB00D0ECA7 /* MapKitView.swift in Sources */,
				9BFC7B50274FEC82003C942B /* PieChartModel.swift in Sources */,
				9BF12FF9273E705000A94588 /* BikeBackground.swift in Sources */,
				9B0C640127561BA600257DF1 /* LineChartViewModel.swift in Sources */,
				9BE3C07A2744ED15009E1ED3 /* DetailContentView.swift in Sources */,
				9BE3C0782744169C009E1ED3 /* WeekView.swift in Sources */,
				9BF13002273EA6C500A94588 /* FitnessLevelView.swift in Sources */,
				9BFC7B2B274F9A1D003C942B /* HomeViewModel.swift in Sources */,
				9BFC7AFC2748F7BE003C942B /* SessionViewModel.swift in Sources */,
				9BC943062743B0C400D57EF5 /* NoPlansView.swift in Sources */,
				9BF12FFB273E787B00A94588 /* HomeNavView.swift in Sources */,
				9B0C64182758C7A200257DF1 /* LoginViewModel.swift in Sources */,
				9B62FC8B275F63B400C08771 /* GlossaryViewModel.swift in Sources */,
				9B9C678B275E7C3100DF9804 /* GlossaryView.swift in Sources */,
				9BF12FE9273D725A00A94588 /* TriSprint.xcdatamodeld in Sources */,
				9BFC7B03274A9C6F003C942B /* ActivityView.swift in Sources */,
				9BF12FF7273E702400A94588 /* RunBackground.swift in Sources */,
				9BFC7B0F274BDBC6003C942B /* Ride.swift in Sources */,
				9B0C64062756750A00257DF1 /* SettingsView.swift in Sources */,
				9B0C64162757DCE000257DF1 /* LoginView.swift in Sources */,
				9BF12FDF273D725900A94588 /* ContentView.swift in Sources */,
				9BFC7B1E274D3EAA003C942B /* NumbersValidation.swift in Sources */,
				9B0C641C275A681500257DF1 /* PersonaliseView.swift in Sources */,
				9BE3C082274546EA009E1ED3 /* BrickDetailContentView.swift in Sources */,
				9B14827F275BC14800F9CF6C /* HalfModalView.swift in Sources */,
				9BFC7B29274F820C003C942B /* HomeView.swift in Sources */,
				9BE3C08527465EEC009E1ED3 /* MapView.swift in Sources */,
				9BF12FF0273D74C000A94588 /* TrainingDaysView.swift in Sources */,
				9BFC7AFE274A7225003C942B /* DrillsView.swift in Sources */,
				9BE3C0972746B872009E1ED3 /* UnitConverter.swift in Sources */,
				9B28677D273FDC7100E856F0 /* MainView.swift in Sources */,
				9BF12FF5273E6D1500A94588 /* SwimBackground.swift in Sources */,
				9B286777273FC3BD00E856F0 /* TrainingArrayViewModel.swift in Sources */,
				9BFC7B15274CF7C2003C942B /* RidesView.swift in Sources */,
				9BE3C087274695E6009E1ED3 /* MapViewModel.swift in Sources */,
				9B0C64082757B4A700257DF1 /* SettingsExtension.swift in Sources */,
				9BFC7B05274A9CB9003C942B /* ActivityViewModel.swift in Sources */,
				9BF12FDD273D725900A94588 /* TriSprintApp.swift in Sources */,
				9B62FC89275F60FC00C08771 /* Glossary.swift in Sources */,
				9B3DA3252742B403009AB522 /* ScheduleViewModel.swift in Sources */,
				9BAAACE327609E5500D0ECA7 /* MailData.swift in Sources */,
				9BFC7B542750CEDF003C942B /* CustomUserDefaults.swift in Sources */,
				9BFC7B13274CF64B003C942B /* Swim.swift in Sources */,
				9B28677F273FDCCE00E856F0 /* TrainingScheduleView.swift in Sources */,
				9BFC7B562750D5D9003C942B /* ProgressBarView.swift in Sources */,
				9B0C63FF2754E0CC00257DF1 /* ComparisonView.swift in Sources */,
				9BC4CC89275D0B4D003260AC /* ActionSheets_Settings.swift in Sources */,
				9B14827C275BBCA900F9CF6C /* CustomHostingController.swift in Sources */,
				9B148283275BD2B900F9CF6C /* SettingsViewModel.swift in Sources */,
				9B0C640327561F9500257DF1 /* LineChartView.swift in Sources */,
				9BC4CC87275D0A62003260AC /* HalfModalAlerts_Settings.swift in Sources */,
				9B62FC8D275F91E500C08771 /* RatingsView.swift in Sources */,
				9BFC7B19274CF876003C942B /* SwimsView.swift in Sources */,
				9BE3C09D27480F72009E1ED3 /* LoadingView.swift in Sources */,
				9BFC7B20274D45FF003C942B /* MetricView.swift in Sources */,
				9B14827A275BBC5500F9CF6C /* HalfSheetHelper.swift in Sources */,
				9BF12FFD273E7A6300A94588 /* FirstTriathlonView.swift in Sources */,
				9BF13000273E7F2200A94588 /* CustomStyling.swift in Sources */,
				9B28677B273FD7F300E856F0 /* TrainingPlan.swift in Sources */,
				9BE3C0952746B1DE009E1ED3 /* FormatDisplay.swift in Sources */,
				9BFC7B1C274D1610003C942B /* EnterManualView.swift in Sources */,
				9B9C6789275E147800DF9804 /* PasswordChangeView.swift in Sources */,
				9BE3C07E27453132009E1ED3 /* DetailViewButtons.swift in Sources */,
				9BE3C0802745378E009E1ED3 /* DetailViewComponents.swift in Sources */,
			);
			runOnlyForDeploymentPostprocessing = 0;
		};
/* End PBXSourcesBuildPhase section */

/* Begin PBXTargetDependency section */
		9BAAACF72760D85700D0ECA7 /* PBXTargetDependency */ = {
			isa = PBXTargetDependency;
			target = 9BF12FD8273D725800A94588 /* TriSprint */;
			targetProxy = 9BAAACF62760D85700D0ECA7 /* PBXContainerItemProxy */;
		};
/* End PBXTargetDependency section */

/* Begin XCBuildConfiguration section */
		9BAAACF92760D85700D0ECA7 /* Debug */ = {
			isa = XCBuildConfiguration;
			buildSettings = {
				BUNDLE_LOADER = "$(TEST_HOST)";
				CODE_SIGN_STYLE = Automatic;
				CURRENT_PROJECT_VERSION = 1;
				DEVELOPMENT_TEAM = 2FDNM75M67;
				GENERATE_INFOPLIST_FILE = YES;
				IPHONEOS_DEPLOYMENT_TARGET = 15.0;
				LD_RUNPATH_SEARCH_PATHS = (
					"$(inherited)",
					"@executable_path/Frameworks",
					"@loader_path/Frameworks",
				);
				MARKETING_VERSION = 1.0;
				PRODUCT_BUNDLE_IDENTIFIER = "com.planb.TriSprint-Tests";
				PRODUCT_NAME = "$(TARGET_NAME)";
				SWIFT_EMIT_LOC_STRINGS = NO;
				SWIFT_VERSION = 5.0;
				TARGETED_DEVICE_FAMILY = "1,2";
				TEST_HOST = "$(BUILT_PRODUCTS_DIR)/TriSprint.app/TriSprint";
			};
			name = Debug;
		};
		9BAAACFA2760D85700D0ECA7 /* Release */ = {
			isa = XCBuildConfiguration;
			buildSettings = {
				BUNDLE_LOADER = "$(TEST_HOST)";
				CODE_SIGN_STYLE = Automatic;
				CURRENT_PROJECT_VERSION = 1;
				DEVELOPMENT_TEAM = 2FDNM75M67;
				GENERATE_INFOPLIST_FILE = YES;
				IPHONEOS_DEPLOYMENT_TARGET = 15.0;
				LD_RUNPATH_SEARCH_PATHS = (
					"$(inherited)",
					"@executable_path/Frameworks",
					"@loader_path/Frameworks",
				);
				MARKETING_VERSION = 1.0;
				PRODUCT_BUNDLE_IDENTIFIER = "com.planb.TriSprint-Tests";
				PRODUCT_NAME = "$(TARGET_NAME)";
				SWIFT_EMIT_LOC_STRINGS = NO;
				SWIFT_VERSION = 5.0;
				TARGETED_DEVICE_FAMILY = "1,2";
				TEST_HOST = "$(BUILT_PRODUCTS_DIR)/TriSprint.app/TriSprint";
			};
			name = Release;
		};
		9BF12FEA273D725A00A94588 /* Debug */ = {
			isa = XCBuildConfiguration;
			buildSettings = {
				ALWAYS_SEARCH_USER_PATHS = NO;
				CLANG_ANALYZER_NONNULL = YES;
				CLANG_ANALYZER_NUMBER_OBJECT_CONVERSION = YES_AGGRESSIVE;
				CLANG_CXX_LANGUAGE_STANDARD = "gnu++17";
				CLANG_CXX_LIBRARY = "libc++";
				CLANG_ENABLE_MODULES = YES;
				CLANG_ENABLE_OBJC_ARC = YES;
				CLANG_ENABLE_OBJC_WEAK = YES;
				CLANG_WARN_BLOCK_CAPTURE_AUTORELEASING = YES;
				CLANG_WARN_BOOL_CONVERSION = YES;
				CLANG_WARN_COMMA = YES;
				CLANG_WARN_CONSTANT_CONVERSION = YES;
				CLANG_WARN_DEPRECATED_OBJC_IMPLEMENTATIONS = YES;
				CLANG_WARN_DIRECT_OBJC_ISA_USAGE = YES_ERROR;
				CLANG_WARN_DOCUMENTATION_COMMENTS = YES;
				CLANG_WARN_EMPTY_BODY = YES;
				CLANG_WARN_ENUM_CONVERSION = YES;
				CLANG_WARN_INFINITE_RECURSION = YES;
				CLANG_WARN_INT_CONVERSION = YES;
				CLANG_WARN_NON_LITERAL_NULL_CONVERSION = YES;
				CLANG_WARN_OBJC_IMPLICIT_RETAIN_SELF = YES;
				CLANG_WARN_OBJC_LITERAL_CONVERSION = YES;
				CLANG_WARN_OBJC_ROOT_CLASS = YES_ERROR;
				CLANG_WARN_QUOTED_INCLUDE_IN_FRAMEWORK_HEADER = YES;
				CLANG_WARN_RANGE_LOOP_ANALYSIS = YES;
				CLANG_WARN_STRICT_PROTOTYPES = YES;
				CLANG_WARN_SUSPICIOUS_MOVE = YES;
				CLANG_WARN_UNGUARDED_AVAILABILITY = YES_AGGRESSIVE;
				CLANG_WARN_UNREACHABLE_CODE = YES;
				CLANG_WARN__DUPLICATE_METHOD_MATCH = YES;
				COPY_PHASE_STRIP = NO;
				DEBUG_INFORMATION_FORMAT = dwarf;
				ENABLE_STRICT_OBJC_MSGSEND = YES;
				ENABLE_TESTABILITY = YES;
				GCC_C_LANGUAGE_STANDARD = gnu11;
				GCC_DYNAMIC_NO_PIC = NO;
				GCC_NO_COMMON_BLOCKS = YES;
				GCC_OPTIMIZATION_LEVEL = 0;
				GCC_PREPROCESSOR_DEFINITIONS = (
					"DEBUG=1",
					"$(inherited)",
				);
				GCC_WARN_64_TO_32_BIT_CONVERSION = YES;
				GCC_WARN_ABOUT_RETURN_TYPE = YES_ERROR;
				GCC_WARN_UNDECLARED_SELECTOR = YES;
				GCC_WARN_UNINITIALIZED_AUTOS = YES_AGGRESSIVE;
				GCC_WARN_UNUSED_FUNCTION = YES;
				GCC_WARN_UNUSED_VARIABLE = YES;
				IPHONEOS_DEPLOYMENT_TARGET = 14.0;
				MTL_ENABLE_DEBUG_INFO = INCLUDE_SOURCE;
				MTL_FAST_MATH = YES;
				ONLY_ACTIVE_ARCH = YES;
				SDKROOT = iphoneos;
				SWIFT_ACTIVE_COMPILATION_CONDITIONS = DEBUG;
				SWIFT_OPTIMIZATION_LEVEL = "-Onone";
			};
			name = Debug;
		};
		9BF12FEB273D725A00A94588 /* Release */ = {
			isa = XCBuildConfiguration;
			buildSettings = {
				ALWAYS_SEARCH_USER_PATHS = NO;
				CLANG_ANALYZER_NONNULL = YES;
				CLANG_ANALYZER_NUMBER_OBJECT_CONVERSION = YES_AGGRESSIVE;
				CLANG_CXX_LANGUAGE_STANDARD = "gnu++17";
				CLANG_CXX_LIBRARY = "libc++";
				CLANG_ENABLE_MODULES = YES;
				CLANG_ENABLE_OBJC_ARC = YES;
				CLANG_ENABLE_OBJC_WEAK = YES;
				CLANG_WARN_BLOCK_CAPTURE_AUTORELEASING = YES;
				CLANG_WARN_BOOL_CONVERSION = YES;
				CLANG_WARN_COMMA = YES;
				CLANG_WARN_CONSTANT_CONVERSION = YES;
				CLANG_WARN_DEPRECATED_OBJC_IMPLEMENTATIONS = YES;
				CLANG_WARN_DIRECT_OBJC_ISA_USAGE = YES_ERROR;
				CLANG_WARN_DOCUMENTATION_COMMENTS = YES;
				CLANG_WARN_EMPTY_BODY = YES;
				CLANG_WARN_ENUM_CONVERSION = YES;
				CLANG_WARN_INFINITE_RECURSION = YES;
				CLANG_WARN_INT_CONVERSION = YES;
				CLANG_WARN_NON_LITERAL_NULL_CONVERSION = YES;
				CLANG_WARN_OBJC_IMPLICIT_RETAIN_SELF = YES;
				CLANG_WARN_OBJC_LITERAL_CONVERSION = YES;
				CLANG_WARN_OBJC_ROOT_CLASS = YES_ERROR;
				CLANG_WARN_QUOTED_INCLUDE_IN_FRAMEWORK_HEADER = YES;
				CLANG_WARN_RANGE_LOOP_ANALYSIS = YES;
				CLANG_WARN_STRICT_PROTOTYPES = YES;
				CLANG_WARN_SUSPICIOUS_MOVE = YES;
				CLANG_WARN_UNGUARDED_AVAILABILITY = YES_AGGRESSIVE;
				CLANG_WARN_UNREACHABLE_CODE = YES;
				CLANG_WARN__DUPLICATE_METHOD_MATCH = YES;
				COPY_PHASE_STRIP = NO;
				DEBUG_INFORMATION_FORMAT = "dwarf-with-dsym";
				ENABLE_NS_ASSERTIONS = NO;
				ENABLE_STRICT_OBJC_MSGSEND = YES;
				GCC_C_LANGUAGE_STANDARD = gnu11;
				GCC_NO_COMMON_BLOCKS = YES;
				GCC_WARN_64_TO_32_BIT_CONVERSION = YES;
				GCC_WARN_ABOUT_RETURN_TYPE = YES_ERROR;
				GCC_WARN_UNDECLARED_SELECTOR = YES;
				GCC_WARN_UNINITIALIZED_AUTOS = YES_AGGRESSIVE;
				GCC_WARN_UNUSED_FUNCTION = YES;
				GCC_WARN_UNUSED_VARIABLE = YES;
				IPHONEOS_DEPLOYMENT_TARGET = 14.0;
				MTL_ENABLE_DEBUG_INFO = NO;
				MTL_FAST_MATH = YES;
				SDKROOT = iphoneos;
				SWIFT_COMPILATION_MODE = wholemodule;
				SWIFT_OPTIMIZATION_LEVEL = "-O";
				VALIDATE_PRODUCT = YES;
			};
			name = Release;
		};
		9BF12FED273D725A00A94588 /* Debug */ = {
			isa = XCBuildConfiguration;
			buildSettings = {
				ASSETCATALOG_COMPILER_APPICON_NAME = AppIcon;
				ASSETCATALOG_COMPILER_GLOBAL_ACCENT_COLOR_NAME = AccentColor;
				CODE_SIGN_STYLE = Automatic;
				CURRENT_PROJECT_VERSION = 1;
				DEVELOPMENT_ASSET_PATHS = "\"TriSprint/Preview Content\"";
				DEVELOPMENT_TEAM = 2FDNM75M67;
				ENABLE_PREVIEWS = YES;
				GENERATE_INFOPLIST_FILE = YES;
				INFOPLIST_FILE = TriSprint/Info.plist;
				INFOPLIST_KEY_NSLocationWhenInUseUsageDescription = "We need to track your location to determine your distance";
				INFOPLIST_KEY_UIApplicationSceneManifest_Generation = YES;
				INFOPLIST_KEY_UIApplicationSupportsIndirectInputEvents = YES;
				INFOPLIST_KEY_UILaunchScreen_Generation = YES;
				INFOPLIST_KEY_UISupportedInterfaceOrientations = UIInterfaceOrientationPortrait;
				INFOPLIST_KEY_UISupportedInterfaceOrientations_iPad = "UIInterfaceOrientationPortrait UIInterfaceOrientationPortraitUpsideDown UIInterfaceOrientationLandscapeLeft UIInterfaceOrientationLandscapeRight";
				INFOPLIST_KEY_UISupportedInterfaceOrientations_iPhone = UIInterfaceOrientationPortrait;
				IPHONEOS_DEPLOYMENT_TARGET = 15.0;
				LD_RUNPATH_SEARCH_PATHS = (
					"$(inherited)",
					"@executable_path/Frameworks",
				);
				MARKETING_VERSION = 1.0;
				PRODUCT_BUNDLE_IDENTIFIER = com.planb.TriSprint;
				PRODUCT_NAME = "$(TARGET_NAME)";
				SWIFT_EMIT_LOC_STRINGS = YES;
				SWIFT_VERSION = 5.0;
				TARGETED_DEVICE_FAMILY = "1,2";
			};
			name = Debug;
		};
		9BF12FEE273D725A00A94588 /* Release */ = {
			isa = XCBuildConfiguration;
			buildSettings = {
				ASSETCATALOG_COMPILER_APPICON_NAME = AppIcon;
				ASSETCATALOG_COMPILER_GLOBAL_ACCENT_COLOR_NAME = AccentColor;
				CODE_SIGN_STYLE = Automatic;
				CURRENT_PROJECT_VERSION = 1;
				DEVELOPMENT_ASSET_PATHS = "\"TriSprint/Preview Content\"";
				DEVELOPMENT_TEAM = 2FDNM75M67;
				ENABLE_PREVIEWS = YES;
				GENERATE_INFOPLIST_FILE = YES;
				INFOPLIST_FILE = TriSprint/Info.plist;
				INFOPLIST_KEY_NSLocationWhenInUseUsageDescription = "We need to track your location to determine your distance";
				INFOPLIST_KEY_UIApplicationSceneManifest_Generation = YES;
				INFOPLIST_KEY_UIApplicationSupportsIndirectInputEvents = YES;
				INFOPLIST_KEY_UILaunchScreen_Generation = YES;
				INFOPLIST_KEY_UISupportedInterfaceOrientations = UIInterfaceOrientationPortrait;
				INFOPLIST_KEY_UISupportedInterfaceOrientations_iPad = "UIInterfaceOrientationPortrait UIInterfaceOrientationPortraitUpsideDown UIInterfaceOrientationLandscapeLeft UIInterfaceOrientationLandscapeRight";
				INFOPLIST_KEY_UISupportedInterfaceOrientations_iPhone = UIInterfaceOrientationPortrait;
				IPHONEOS_DEPLOYMENT_TARGET = 15.0;
				LD_RUNPATH_SEARCH_PATHS = (
					"$(inherited)",
					"@executable_path/Frameworks",
				);
				MARKETING_VERSION = 1.0;
				PRODUCT_BUNDLE_IDENTIFIER = com.planb.TriSprint;
				PRODUCT_NAME = "$(TARGET_NAME)";
				SWIFT_EMIT_LOC_STRINGS = YES;
				SWIFT_VERSION = 5.0;
				TARGETED_DEVICE_FAMILY = "1,2";
			};
			name = Release;
		};
/* End XCBuildConfiguration section */

/* Begin XCConfigurationList section */
		9BAAACF82760D85700D0ECA7 /* Build configuration list for PBXNativeTarget "TriSprint_Tests" */ = {
			isa = XCConfigurationList;
			buildConfigurations = (
				9BAAACF92760D85700D0ECA7 /* Debug */,
				9BAAACFA2760D85700D0ECA7 /* Release */,
			);
			defaultConfigurationIsVisible = 0;
			defaultConfigurationName = Release;
		};
		9BF12FD4273D725800A94588 /* Build configuration list for PBXProject "TriSprint" */ = {
			isa = XCConfigurationList;
			buildConfigurations = (
				9BF12FEA273D725A00A94588 /* Debug */,
				9BF12FEB273D725A00A94588 /* Release */,
			);
			defaultConfigurationIsVisible = 0;
			defaultConfigurationName = Release;
		};
		9BF12FEC273D725A00A94588 /* Build configuration list for PBXNativeTarget "TriSprint" */ = {
			isa = XCConfigurationList;
			buildConfigurations = (
				9BF12FED273D725A00A94588 /* Debug */,
				9BF12FEE273D725A00A94588 /* Release */,
			);
			defaultConfigurationIsVisible = 0;
			defaultConfigurationName = Release;
		};
/* End XCConfigurationList section */

/* Begin XCRemoteSwiftPackageReference section */
		9B0C640B2757D2FB00257DF1 /* XCRemoteSwiftPackageReference "firebase-ios-sdk" */ = {
			isa = XCRemoteSwiftPackageReference;
			repositoryURL = "https://github.com/firebase/firebase-ios-sdk";
			requirement = {
				kind = upToNextMajorVersion;
				minimumVersion = 8.0.0;
			};
		};
/* End XCRemoteSwiftPackageReference section */

/* Begin XCSwiftPackageProductDependency section */
		9B0C640C2757D2FC00257DF1 /* FirebaseAnalytics */ = {
			isa = XCSwiftPackageProductDependency;
			package = 9B0C640B2757D2FB00257DF1 /* XCRemoteSwiftPackageReference "firebase-ios-sdk" */;
			productName = FirebaseAnalytics;
		};
		9B0C640E2757D2FC00257DF1 /* FirebaseAuth */ = {
			isa = XCSwiftPackageProductDependency;
			package = 9B0C640B2757D2FB00257DF1 /* XCRemoteSwiftPackageReference "firebase-ios-sdk" */;
			productName = FirebaseAuth;
		};
		9B0C64102757D2FC00257DF1 /* FirebaseCrashlytics */ = {
			isa = XCSwiftPackageProductDependency;
			package = 9B0C640B2757D2FB00257DF1 /* XCRemoteSwiftPackageReference "firebase-ios-sdk" */;
			productName = FirebaseCrashlytics;
		};
		9B0C64122757D2FC00257DF1 /* FirebaseDatabase */ = {
			isa = XCSwiftPackageProductDependency;
			package = 9B0C640B2757D2FB00257DF1 /* XCRemoteSwiftPackageReference "firebase-ios-sdk" */;
			productName = FirebaseDatabase;
		};
/* End XCSwiftPackageProductDependency section */

/* Begin XCVersionGroup section */
		9BF12FE7273D725A00A94588 /* TriSprint.xcdatamodeld */ = {
			isa = XCVersionGroup;
			children = (
				9BF12FE8273D725A00A94588 /* TriSprint.xcdatamodel */,
			);
			currentVersion = 9BF12FE8273D725A00A94588 /* TriSprint.xcdatamodel */;
			path = TriSprint.xcdatamodeld;
			sourceTree = "<group>";
			versionGroupType = wrapper.xcdatamodel;
		};
/* End XCVersionGroup section */
	};
	rootObject = 9BF12FD1273D725800A94588 /* Project object */;
}
